<?xml version="1.0" encoding="utf-8"?>
<Project ToolsVersion="4.0" xmlns="http://schemas.microsoft.com/developer/msbuild/2003">
  <ItemGroup>
    <Filter Include="Source Files">
      <UniqueIdentifier>{4FC737F1-C7A5-4376-A066-2A32D752A2FF}</UniqueIdentifier>
      <Extensions>cpp;c;cc;cxx;c++;cppm;ixx;def;odl;idl;hpj;bat;asm;asmx</Extensions>
    </Filter>
    <Filter Include="Header Files">
      <UniqueIdentifier>{93995380-89BD-4b04-88EB-625FBE52EBFB}</UniqueIdentifier>
      <Extensions>h;hh;hpp;hxx;h++;hm;inl;inc;ipp;xsd</Extensions>
    </Filter>
    <Filter Include="Resource Files">
      <UniqueIdentifier>{67DA6AB6-F800-4c08-8B7A-83BB121AAD01}</UniqueIdentifier>
      <Extensions>rc;ico;cur;bmp;dlg;rc2;rct;bin;rgs;gif;jpg;jpeg;jpe;resx;tiff;tif;png;wav;mfcribbon-ms</Extensions>
    </Filter>
  </ItemGroup>
  <ItemGroup>
    <ClInclude Include="Core\Point.h">
      <Filter>Header Files</Filter>
    </ClInclude>
    <ClInclude Include="Core\Rect.h">
      <Filter>Header Files</Filter>
    </ClInclude>
    <ClInclude Include="Core\Enums.h">
      <Filter>Header Files</Filter>
    </ClInclude>
    <ClInclude Include="Core\Size.h">
      <Filter>Header Files</Filter>
    </ClInclude>
    <ClInclude Include="Rendering\ScreenCell.h">
      <Filter>Header Files</Filter>
    </ClInclude>
    <ClInclude Include="Rendering\ScreenBuffer.h">
      <Filter>Header Files</Filter>
    </ClInclude>
    <ClInclude Include="Rendering\Surface.h">
      <Filter>Header Files</Filter>
    </ClInclude>
    <ClInclude Include="App\Application.h">
      <Filter>Header Files</Filter>
    </ClInclude>
    <ClInclude Include="App\ScreenManager.h">
      <Filter>Header Files</Filter>
    </ClInclude>
    <ClInclude Include="Rendering\ConsoleRenderer.h">
      <Filter>Header Files</Filter>
    </ClInclude>
    <ClInclude Include="Rendering\FrameDiff.h">
      <Filter>Header Files</Filter>
    </ClInclude>
    <ClInclude Include="Rendering\IRenderer.h">
      <Filter>Header Files</Filter>
    </ClInclude>
    <ClInclude Include="Rendering\Styles\Color.h">
      <Filter>Header Files</Filter>
    </ClInclude>
    <ClInclude Include="Rendering\Styles\Style.h">
      <Filter>Header Files</Filter>
    </ClInclude>
    <ClInclude Include="Screens\Screen.h">
      <Filter>Header Files</Filter>
    </ClInclude>
    <ClInclude Include="Rendering\Text\TextCluster.h">
      <Filter>Header Files</Filter>
    </ClInclude>
    <ClInclude Include="Rendering\Text\TextTypes.h">
      <Filter>Header Files</Filter>
    </ClInclude>
    <ClInclude Include="Screens\ShowcaseScreen.h">
      <Filter>Header Files</Filter>
    </ClInclude>
    <ClInclude Include="Utilities\Unicode\GraphemeSegmentation.h">
      <Filter>Header Files</Filter>
    </ClInclude>
    <ClInclude Include="Utilities\Unicode\UnicodeConversion.h">
      <Filter>Header Files</Filter>
    </ClInclude>
    <ClInclude Include="Utilities\Unicode\UnicodeWidth.h">
      <Filter>Header Files</Filter>
    </ClInclude>
    <ClInclude Include="Rendering\Styles\StyleBuilder.h">
      <Filter>Header Files</Filter>
    </ClInclude>
    <ClInclude Include="Rendering\Styles\StyleMerge.h">
      <Filter>Header Files</Filter>
    </ClInclude>
    <ClInclude Include="Rendering\Styles\Themes.h">
      <Filter>Header Files</Filter>
    </ClInclude>
    <ClInclude Include="Rendering\Styles\StylePolicy.h">
      <Filter>Header Files</Filter>
    </ClInclude>
    <ClInclude Include="Rendering\Styles\AppThemes.h">
      <Filter>Header Files</Filter>
    </ClInclude>
    <ClInclude Include="Rendering\Styles\UIThemes.h">
      <Filter>Header Files</Filter>
    </ClInclude>
    <ClInclude Include="Rendering\Styles\BannerThemes.h">
      <Filter>Header Files</Filter>
    </ClInclude>
    <ClInclude Include="Rendering\Backends\ConsoleCapabilityDetector.h">
      <Filter>Header Files</Filter>
    </ClInclude>
    <ClInclude Include="Rendering\Capabilities\CapabilityReport.h">
      <Filter>Header Files</Filter>
    </ClInclude>
    <ClInclude Include="Rendering\Diagnostics\AuthorRenderHints.h">
      <Filter>Header Files</Filter>
    </ClInclude>
    <ClInclude Include="Rendering\Diagnostics\RenderDiagnostics.h">
      <Filter>Header Files</Filter>
    </ClInclude>
    <ClInclude Include="Rendering\Diagnostics\RenderDiagnosticsWriter.h">
      <Filter>Header Files</Filter>
    </ClInclude>
    <ClInclude Include="Screens\WaterEffectScreen.h">
      <Filter>Header Files</Filter>
    </ClInclude>
    <ClInclude Include="Screens\Donut3DScreen.h">
      <Filter>Header Files</Filter>
    </ClInclude>
    <ClInclude Include="Screens\FireScreen.h">
      <Filter>Header Files</Filter>
    </ClInclude>
    <ClInclude Include="Screens\DigitalRainScreen.h">
      <Filter>Header Files</Filter>
    </ClInclude>
    <ClInclude Include="Rendering\Backends\TerminalCapabilityDetector.h">
      <Filter>Header Files</Filter>
    </ClInclude>
    <ClInclude Include="Rendering\TerminalRenderer.h">
      <Filter>Header Files</Filter>
    </ClInclude>
    <ClInclude Include="App\TerminalLauncher.h">
      <Filter>Header Files</Filter>
    </ClInclude>
    <ClInclude Include="Rendering\Diagnostics\StartupDiagnosticsContext.h">
      <Filter>Header Files</Filter>
    </ClInclude>
    <ClInclude Include="Rendering\Backends\TerminalHostClassifier.h">
      <Filter>Header Files</Filter>
    </ClInclude>
    <ClInclude Include="App\StartupConfig.h">
      <Filter>Header Files</Filter>
    </ClInclude>
    <ClInclude Include="Rendering\Backends\TerminalHostInfo.h">
      <Filter>Header Files</Filter>
    </ClInclude>
    <ClInclude Include="Rendering\VTRun.h">
      <Filter>Header Files</Filter>
    </ClInclude>
    <ClInclude Include="Rendering\VtFrameEmitter.h">
      <Filter>Header Files</Filter>
    </ClInclude>
    <ClInclude Include="Rendering\SgrEmitter.h">
      <Filter>Header Files</Filter>
    </ClInclude>
    <ClInclude Include="Rendering\Styles\ThemeColor.h">
      <Filter>Header Files</Filter>
    </ClInclude>
    <ClInclude Include="Rendering\Backends\RendererCapabilityDetector.h">
      <Filter>Header Files</Filter>
    </ClInclude>
    <ClInclude Include="Rendering\Capabilities\RendererCapabilities.h">
      <Filter>Header Files</Filter>
    </ClInclude>
    <ClInclude Include="Rendering\Capabilities\ColorSupport.h">
      <Filter>Header Files</Filter>
    </ClInclude>
    <ClInclude Include="Rendering\Styles\ColorMapping.h">
      <Filter>Header Files</Filter>
    </ClInclude>
    <ClInclude Include="Rendering\Styles\ColorResolver.h">
      <Filter>Header Files</Filter>
    </ClInclude>
    <ClInclude Include="Rendering\Styles\ColorResolutionDiagnostics.h">
      <Filter>Header Files</Filter>
    </ClInclude>
    <ClInclude Include="Rendering\Diagnostics\RendererSelectionTrace.h">
      <Filter>Header Files</Filter>
    </ClInclude>
    <ClInclude Include="Rendering\TerminalPresentPolicy.h">
      <Filter>Header Files</Filter>
    </ClInclude>
    <ClInclude Include="Rendering\TerminalSessionOptions.h">
      <Filter>Header Files</Filter>
    </ClInclude>
    <ClInclude Include="Screens\RendererDiagnosticsScreen.h">
      <Filter>Header Files</Filter>
    </ClInclude>
    <ClInclude Include="Screens\TerminalCapabilitiesScreen.h">
      <Filter>Header Files</Filter>
    </ClInclude>
    <ClInclude Include="Rendering\Styles\StylePolicyFactory.h">
      <Filter>Header Files</Filter>
    </ClInclude>
    <ClInclude Include="App\CommandLineOptions.h">
      <Filter>Header Files</Filter>
    </ClInclude>
    <ClInclude Include="App\StartupOptions.h">
      <Filter>Header Files</Filter>
    </ClInclude>
    <ClInclude Include="Rendering\Objects\TextObject.h">
      <Filter>Header Files</Filter>
    </ClInclude>
    <ClInclude Include="Rendering\Objects\ObjectFactory.h">
      <Filter>Header Files</Filter>
    </ClInclude>
    <ClInclude Include="Rendering\Objects\PlainTextLoader.h">
      <Filter>Header Files</Filter>
    </ClInclude>
    <ClInclude Include="Rendering\Objects\TextObjectExporter.h">
      <Filter>Header Files</Filter>
    </ClInclude>
    <ClInclude Include="Screens\Developer\TextObjectExportValidationScreen.h">
      <Filter>Header Files</Filter>
    </ClInclude>
    <ClInclude Include="Rendering\Objects\AnsiLoader.h">
      <Filter>Header Files</Filter>
    </ClInclude>
    <ClInclude Include="Rendering\Objects\BinaryArtLoader.h">
      <Filter>Header Files</Filter>
    </ClInclude>
    <ClInclude Include="Rendering\Objects\SauceSupport.h">
      <Filter>Header Files</Filter>
    </ClInclude>
    <ClInclude Include="Rendering\Objects\TextObjectBuilder.h">
      <Filter>Header Files</Filter>
    </ClInclude>
    <ClInclude Include="Rendering\Objects\XpArtLoader.h">
      <Filter>Header Files</Filter>
    </ClInclude>
    <ClInclude Include="Rendering\Objects\XpArtLoaderTests.h">
      <Filter>Header Files</Filter>
    </ClInclude>
    <ClInclude Include="Rendering\Objects\XpArtExporter.h">
      <Filter>Header Files</Filter>
    </ClInclude>
    <ClInclude Include="Rendering\Objects\Cp437Encoding.h">
      <Filter>Header Files</Filter>
    </ClInclude>
    <ClInclude Include="ThirdParty\zlib-1.3.1\zconf.h">
      <Filter>Header Files</Filter>
    </ClInclude>
    <ClInclude Include="ThirdParty\zlib-1.3.1\zutil.h">
      <Filter>Header Files</Filter>
    </ClInclude>
    <ClInclude Include="Utilities\Text\TextWrap.h">
      <Filter>Header Files</Filter>
    </ClInclude>
    <ClInclude Include="Rendering\Objects\XpSequenceLoader.h">
      <Filter>Header Files</Filter>
    </ClInclude>
    <ClInclude Include="Rendering\Objects\XpSequenceAccess.h">
      <Filter>Header Files</Filter>
    </ClInclude>
    <ClInclude Include="Rendering\Objects\XpSequenceInspection.h">
      <Filter>Header Files</Filter>
    </ClInclude>
    <ClInclude Include="Rendering\Objects\XpSequenceValidation.h">
      <Filter>Header Files</Filter>
    </ClInclude>
    <ClInclude Include="Screens\Developer\XpSequenceDiagnosticsScreen.h">
      <Filter>Header Files</Filter>
    </ClInclude>
    <ClInclude Include="Rendering\Objects\XpSequenceAnimationAdapter.h">
      <Filter>Header Files</Filter>
    </ClInclude>
    <ClInclude Include="Rendering\Objects\XpDiagnosticsFormatting.h">
      <Filter>Header Files</Filter>
    </ClInclude>
    <ClInclude Include="Assets\AssetLibrary.h">
      <Filter>Header Files</Filter>
    </ClInclude>
    <ClInclude Include="Utilities\AssetPaths.h">
      <Filter>Header Files</Filter>
    </ClInclude>
    <ClInclude Include="Rendering\Objects\AsciiBanner.h">
      <Filter>Header Files</Filter>
    </ClInclude>
  </ItemGroup>
  <ItemGroup>
    <ClCompile Include="Rendering\ScreenBuffer.cpp">
      <Filter>Source Files</Filter>
    </ClCompile>
    <ClCompile Include="Rendering\Surface.cpp">
      <Filter>Source Files</Filter>
    </ClCompile>
    <ClCompile Include="App\Application.cpp">
      <Filter>Source Files</Filter>
    </ClCompile>
    <ClCompile Include="App\ScreenManager.cpp">
      <Filter>Source Files</Filter>
    </ClCompile>
    <ClCompile Include="main.cpp">
      <Filter>Source Files</Filter>
    </ClCompile>
    <ClCompile Include="Rendering\ConsoleRenderer.cpp">
      <Filter>Source Files</Filter>
    </ClCompile>
    <ClCompile Include="Rendering\FrameDiff.cpp">
      <Filter>Source Files</Filter>
    </ClCompile>
    <ClCompile Include="Utilities\Unicode\GraphemeSegmentation.cpp">
      <Filter>Source Files</Filter>
    </ClCompile>
    <ClCompile Include="Utilities\Unicode\UnicodeConversion.cpp">
      <Filter>Source Files</Filter>
    </ClCompile>
    <ClCompile Include="Utilities\Unicode\UnicodeWidth.cpp">
      <Filter>Source Files</Filter>
    </ClCompile>
    <ClCompile Include="Rendering\Styles\Color.cpp">
      <Filter>Source Files</Filter>
    </ClCompile>
    <ClCompile Include="Rendering\Styles\Style.cpp">
      <Filter>Source Files</Filter>
    </ClCompile>
    <ClCompile Include="Rendering\Styles\StyleBuilder.cpp">
      <Filter>Source Files</Filter>
    </ClCompile>
    <ClCompile Include="Rendering\Styles\StyleMerge.cpp">
      <Filter>Source Files</Filter>
    </ClCompile>
    <ClCompile Include="Screens\ShowcaseScreen.cpp">
      <Filter>Source Files</Filter>
    </ClCompile>
    <ClCompile Include="Rendering\Styles\StylePolicy.cpp">
      <Filter>Source Files</Filter>
    </ClCompile>
    <ClCompile Include="Rendering\Backends\ConsoleCapabilityDetector.cpp">
      <Filter>Source Files</Filter>
    </ClCompile>
    <ClCompile Include="Rendering\Capabilities\CapabilityReport.cpp">
      <Filter>Source Files</Filter>
    </ClCompile>
    <ClCompile Include="Rendering\Diagnostics\AuthorRenderHints.cpp">
      <Filter>Source Files</Filter>
    </ClCompile>
    <ClCompile Include="Rendering\Diagnostics\RenderDiagnostics.cpp">
      <Filter>Source Files</Filter>
    </ClCompile>
    <ClCompile Include="Rendering\Diagnostics\RenderDiagnosticsWriter.cpp">
      <Filter>Source Files</Filter>
    </ClCompile>
    <ClCompile Include="Screens\WaterEffectScreen.cpp">
      <Filter>Source Files</Filter>
    </ClCompile>
    <ClCompile Include="Screens\Donut3DScreen.cpp">
      <Filter>Source Files</Filter>
    </ClCompile>
    <ClCompile Include="Screens\FireScreen.cpp">
      <Filter>Source Files</Filter>
    </ClCompile>
    <ClCompile Include="Screens\DigitalRainScreen.cpp">
      <Filter>Source Files</Filter>
    </ClCompile>
    <ClCompile Include="Rendering\Backends\TerminalCapabilityDetector.cpp">
      <Filter>Source Files</Filter>
    </ClCompile>
    <ClCompile Include="Rendering\TerminalRenderer.cpp">
      <Filter>Source Files</Filter>
    </ClCompile>
    <ClCompile Include="App\TerminalLauncher.cpp">
      <Filter>Source Files</Filter>
    </ClCompile>
    <ClCompile Include="Rendering\Backends\TerminalHostClassifier.cpp">
      <Filter>Source Files</Filter>
    </ClCompile>
    <ClCompile Include="App\StartupConfig.cpp">
      <Filter>Source Files</Filter>
    </ClCompile>
    <ClCompile Include="Rendering\Backends\TerminalHostInfo.cpp">
      <Filter>Source Files</Filter>
    </ClCompile>
    <ClCompile Include="Rendering\VtFrameEmitter.cpp">
      <Filter>Source Files</Filter>
    </ClCompile>
    <ClCompile Include="Rendering\SgrEmitter.cpp">
      <Filter>Source Files</Filter>
    </ClCompile>
    <ClCompile Include="Rendering\Styles\ThemeColor.cpp">
      <Filter>Source Files</Filter>
    </ClCompile>
    <ClCompile Include="Rendering\Backends\RendererCapabiltiyDetector.cpp">
      <Filter>Source Files</Filter>
    </ClCompile>
    <ClCompile Include="Rendering\Capabilities\RendererCapabilities.cpp">
      <Filter>Source Files</Filter>
    </ClCompile>
    <ClCompile Include="Rendering\Styles\ColorMapping.cpp">
      <Filter>Source Files</Filter>
    </ClCompile>
    <ClCompile Include="Rendering\Styles\ColorResolver.cpp">
      <Filter>Source Files</Filter>
    </ClCompile>
    <ClCompile Include="Rendering\Styles\ColorResolutionDiagnostics.cpp">
      <Filter>Source Files</Filter>
    </ClCompile>
    <ClCompile Include="Rendering\Diagnostics\RendererSelectionTrace.cpp">
      <Filter>Source Files</Filter>
    </ClCompile>
    <ClCompile Include="Rendering\TerminalPresentPolicy.cpp">
      <Filter>Source Files</Filter>
    </ClCompile>
    <ClCompile Include="Rendering\TerminalSessionOptions.cpp">
      <Filter>Source Files</Filter>
    </ClCompile>
    <ClCompile Include="Screens\RendererDiagnosticsScreen.cpp">
      <Filter>Source Files</Filter>
    </ClCompile>
    <ClCompile Include="Screens\TerminalCapabilitiesScreen.cpp">
      <Filter>Source Files</Filter>
    </ClCompile>
    <ClCompile Include="Rendering\Styles\StylePolicyFactory.cpp">
      <Filter>Source Files</Filter>
    </ClCompile>
    <ClCompile Include="App\CommandLineOptions.cpp">
      <Filter>Source Files</Filter>
    </ClCompile>
    <ClCompile Include="App\StartupOptions.cpp">
      <Filter>Source Files</Filter>
    </ClCompile>
    <ClCompile Include="Rendering\Objects\TextObject.cpp">
      <Filter>Source Files</Filter>
    </ClCompile>
    <ClCompile Include="Rendering\Objects\ObjectFactory.cpp">
      <Filter>Source Files</Filter>
    </ClCompile>
    <ClCompile Include="Rendering\Objects\PlainTextLoader.cpp">
      <Filter>Source Files</Filter>
    </ClCompile>
    <ClCompile Include="Rendering\Objects\TextObjectExporter.cpp">
      <Filter>Source Files</Filter>
    </ClCompile>
    <ClCompile Include="Screens\Developer\TextObjectExportValidationScreen.cpp">
      <Filter>Source Files</Filter>
    </ClCompile>
    <ClCompile Include="Rendering\Objects\AnsiLoader.cpp">
      <Filter>Source Files</Filter>
    </ClCompile>
    <ClCompile Include="Rendering\Objects\BinaryArtLoader.cpp">
      <Filter>Source Files</Filter>
    </ClCompile>
    <ClCompile Include="Rendering\Objects\SauceSupport.cpp">
      <Filter>Source Files</Filter>
    </ClCompile>
    <ClCompile Include="Rendering\Objects\TextObjectBuilder.cpp">
      <Filter>Source Files</Filter>
    </ClCompile>
    <ClCompile Include="Rendering\Objects\XpArtLoader.cpp">
      <Filter>Source Files</Filter>
    </ClCompile>
    <ClCompile Include="Rendering\Objects\XpArtLoaderTests.cpp">
      <Filter>Source Files</Filter>
    </ClCompile>
    <ClCompile Include="Rendering\Objects\XpArtExporter.cpp">
      <Filter>Source Files</Filter>
    </ClCompile>
    <ClCompile Include="Rendering\Objects\Cp437Encoding.cpp">
      <Filter>Source Files</Filter>
    </ClCompile>
    <ClCompile Include="ThirdParty\zlib-1.3.1\adler32.c">
      <Filter>Source Files</Filter>
    </ClCompile>
    <ClCompile Include="ThirdParty\zlib-1.3.1\crc32.c">
      <Filter>Source Files</Filter>
    </ClCompile>
    <ClCompile Include="ThirdParty\zlib-1.3.1\inffast.c">
      <Filter>Source Files</Filter>
    </ClCompile>
    <ClCompile Include="ThirdParty\zlib-1.3.1\inflate.c">
      <Filter>Source Files</Filter>
    </ClCompile>
    <ClCompile Include="ThirdParty\zlib-1.3.1\inftrees.c">
      <Filter>Source Files</Filter>
    </ClCompile>
    <ClCompile Include="ThirdParty\zlib-1.3.1\zutil.c">
      <Filter>Source Files</Filter>
    </ClCompile>
    <ClCompile Include="Rendering\Objects\XpSequenceLoader.cpp">
      <Filter>Source Files</Filter>
    </ClCompile>
    <ClCompile Include="Rendering\Objects\XpSequenceAccess.cpp">
      <Filter>Source Files</Filter>
    </ClCompile>
    <ClCompile Include="Rendering\Objects\XpSequenceInspection.cpp">
      <Filter>Source Files</Filter>
    </ClCompile>
    <ClCompile Include="Rendering\Objects\XpSequenceValidation.cpp">
      <Filter>Source Files</Filter>
    </ClCompile>
    <ClCompile Include="Screens\Developer\XpSequenceDiagnosticsScreen.cpp">
      <Filter>Source Files</Filter>
    </ClCompile>
    <ClCompile Include="Rendering\Objects\XpSequenceAnimationAdapter.cpp">
      <Filter>Source Files</Filter>
    </ClCompile>
    <ClCompile Include="Rendering\Objects\XpDiagnosticsFormatting.cpp">
      <Filter>Source Files</Filter>
    </ClCompile>
    <ClCompile Include="Assets\AssetLibrary.cpp">
      <Filter>Source Files</Filter>
    </ClCompile>
    <ClCompile Include="Utilities\AssetPaths.cpp">
      <Filter>Source Files</Filter>
    </ClCompile>
    <ClCompile Include="Rendering\Objects\AsciiBanner.cpp">
      <Filter>Source Files</Filter>
    </ClCompile>
    <ClCompile Include="ThirdParty\zlib-1.3.1\deflate.c">
      <Filter>Source Files</Filter>
    </ClCompile>
    <ClCompile Include="ThirdParty\zlib-1.3.1\compress.c">
      <Filter>Source Files</Filter>
    </ClCompile>
    <ClCompile Include="ThirdParty\zlib-1.3.1\gzclose.c">
      <Filter>Source Files</Filter>
    </ClCompile>
    <ClCompile Include="ThirdParty\zlib-1.3.1\gzlib.c">
      <Filter>Source Files</Filter>
    </ClCompile>
    <ClCompile Include="ThirdParty\zlib-1.3.1\gzread.c">
      <Filter>Source Files</Filter>
    </ClCompile>
    <ClCompile Include="ThirdParty\zlib-1.3.1\gzwrite.c">
      <Filter>Source Files</Filter>
    </ClCompile>
    <ClCompile Include="ThirdParty\zlib-1.3.1\infback.c">
      <Filter>Source Files</Filter>
    </ClCompile>
    <ClCompile Include="ThirdParty\zlib-1.3.1\trees.c">
      <Filter>Source Files</Filter>
    </ClCompile>
    <ClCompile Include="ThirdParty\zlib-1.3.1\uncompr.c">
      <Filter>Source Files</Filter>
    </ClCompile>
  </ItemGroup>
  <ItemGroup>
    <None Include="startup.config" />
  </ItemGroup>
</Project>